
Microsoft Visual Studio Solution File, Format Version 9.00
# Visual Studio 2005
Project("{FAE04EC0-301F-11D3-BF4B-00C04F79EFBC}") = "InsertGenerator_Main", "GeneradorInserts\InsertGenerator_Main.csproj", "{C011FF14-ED38-47FF-BC0C-FBD939917443}"
EndProject
Project("{FAE04EC0-301F-11D3-BF4B-00C04F79EFBC}") = "BusinessLogic", "BusinessLogic\BusinessLogic.csproj", "{5870038A-3122-4530-ADBE-12CC0752EFBF}"
EndProject
Project("{FAE04EC0-301F-11D3-BF4B-00C04F79EFBC}") = "EncryptionLibrary", "EncryptionLibrary\EncryptionLibrary.csproj", "{F6BA374B-94CD-4E5D-9F40-9F548D0E9655}"
EndProject
Project("{54435603-DBB4-11D2-8724-00A0C9A8B90C}") = "InsertGenerator_Setup", "InsertGenerator\InsertGenerator.vdproj", "{C5DA831B-968E-4CF6-A021-710F2B35FB92}"
EndProject
Project("{FAE04EC0-301F-11D3-BF4B-00C04F79EFBC}") = "ConsoleTesting", "ConsoleTesting\ConsoleTesting.csproj", "{FC12303B-4DF2-434E-91AA-FA2B6AF3C49E}"
EndProject
Global
	GlobalSection(SolutionConfigurationPlatforms) = preSolution
		Debug|Any CPU = Debug|Any CPU
		Release|Any CPU = Release|Any CPU
	EndGlobalSection
	GlobalSection(ProjectConfigurationPlatforms) = postSolution
		{C011FF14-ED38-47FF-BC0C-FBD939917443}.Debug|Any CPU.ActiveCfg = Debug|Any CPU
		{C011FF14-ED38-47FF-BC0C-FBD939917443}.Debug|Any CPU.Build.0 = Debug|Any CPU
		{C011FF14-ED38-47FF-BC0C-FBD939917443}.Release|Any CPU.ActiveCfg = Release|Any CPU
		{C011FF14-ED38-47FF-BC0C-FBD939917443}.Release|Any CPU.Build.0 = Release|Any CPU
		{5870038A-3122-4530-ADBE-12CC0752EFBF}.Debug|Any CPU.ActiveCfg = Debug|Any CPU
		{5870038A-3122-4530-ADBE-12CC0752EFBF}.Debug|Any CPU.Build.0 = Debug|Any CPU
		{5870038A-3122-4530-ADBE-12CC0752EFBF}.Release|Any CPU.ActiveCfg = Release|Any CPU
		{5870038A-3122-4530-ADBE-12CC0752EFBF}.Release|Any CPU.Build.0 = Release|Any CPU
		{F6BA374B-94CD-4E5D-9F40-9F548D0E9655}.Debug|Any CPU.ActiveCfg = Debug|Any CPU
		{F6BA374B-94CD-4E5D-9F40-9F548D0E9655}.Debug|Any CPU.Build.0 = Debug|Any CPU
		{F6BA374B-94CD-4E5D-9F40-9F548D0E9655}.Release|Any CPU.ActiveCfg = Release|Any CPU
		{F6BA374B-94CD-4E5D-9F40-9F548D0E9655}.Release|Any CPU.Build.0 = Release|Any CPU
		{C5DA831B-968E-4CF6-A021-710F2B35FB92}.Debug|Any CPU.ActiveCfg = Release
		{C5DA831B-968E-4CF6-A021-710F2B35FB92}.Release|Any CPU.ActiveCfg = Release
		{C5DA831B-968E-4CF6-A021-710F2B35FB92}.Release|Any CPU.Build.0 = Release
		{FC12303B-4DF2-434E-91AA-FA2B6AF3C49E}.Debug|Any CPU.ActiveCfg = Debug|Any CPU
		{FC12303B-4DF2-434E-91AA-FA2B6AF3C49E}.Debug|Any CPU.Build.0 = Debug|Any CPU
		{FC12303B-4DF2-434E-91AA-FA2B6AF3C49E}.Release|Any CPU.ActiveCfg = Release|Any CPU
		{FC12303B-4DF2-434E-91AA-FA2B6AF3C49E}.Release|Any CPU.Build.0 = Release|Any CPU
	EndGlobalSection
	GlobalSection(SolutionProperties) = preSolution
		HideSolutionNode = FALSE
	EndGlobalSection
EndGlobal
